
Microsoft Visual Studio Solution File, Format Version 12.00
# Visual Studio Version 16
VisualStudioVersion = 16.0.29926.136
MinimumVisualStudioVersion = 10.0.40219.1
Project("{FAE04EC0-301F-11D3-BF4B-00C04F79EFBC}") = "Unlap", "Unlap\Unlap.csproj", "{A91B4EE9-5F74-441D-AEBD-AE4FF83923DB}"
EndProject
Global
	GlobalSection(SolutionConfigurationPlatforms) = preSolution
		Debug|Any CPU = Debug|Any CPU
		Release|Any CPU = Release|Any CPU
	EndGlobalSection
	GlobalSection(ProjectConfigurationPlatforms) = postSolution
		{A91B4EE9-5F74-441D-AEBD-AE4FF83923DB}.Debug|Any CPU.ActiveCfg = Debug|Any CPU
		{A91B4EE9-5F74-441D-AEBD-AE4FF83923DB}.Debug|Any CPU.Build.0 = Debug|Any CPU
		{A91B4EE9-5F74-441D-AEBD-AE4FF83923DB}.Release|Any CPU.ActiveCfg = Release|Any CPU
		{A91B4EE9-5F74-441D-AEBD-AE4FF83923DB}.Release|Any CPU.Build.0 = Release|Any CPU
	EndGlobalSection
	GlobalSection(SolutionProperties) = preSolution
		HideSolutionNode = FALSE
	EndGlobalSection
	GlobalSection(ExtensibilityGlobals) = postSolution
		SolutionGuid = {C3B5E1CC-E0BB-45EE-9247-03224B446AB4}
	EndGlobalSection
EndGlobal
